
Microsoft Visual Studio Solution File, Format Version 12.00
# Visual Studio 15
VisualStudioVersion = 15.0.28010.2041
MinimumVisualStudioVersion = 10.0.40219.1
Project("{FAE04EC0-301F-11D3-BF4B-00C04F79EFBC}") = "MorgengryNEW", "MorgengryNEW\MorgengryNEW.csproj", "{BCFCE2FD-DC8F-4961-B438-AEE22C0497DC}"
EndProject
Project("{FAE04EC0-301F-11D3-BF4B-00C04F79EFBC}") = "Test", "Test\Test.csproj", "{F9A57A40-2C2D-4009-AFA4-AF45935DE717}"
EndProject
Global
	GlobalSection(SolutionConfigurationPlatforms) = preSolution
		Debug|Any CPU = Debug|Any CPU
		Release|Any CPU = Release|Any CPU
	EndGlobalSection
	GlobalSection(ProjectConfigurationPlatforms) = postSolution
		{BCFCE2FD-DC8F-4961-B438-AEE22C0497DC}.Debug|Any CPU.ActiveCfg = Debug|Any CPU
		{BCFCE2FD-DC8F-4961-B438-AEE22C0497DC}.Debug|Any CPU.Build.0 = Debug|Any CPU
		{BCFCE2FD-DC8F-4961-B438-AEE22C0497DC}.Release|Any CPU.ActiveCfg = Release|Any CPU
		{BCFCE2FD-DC8F-4961-B438-AEE22C0497DC}.Release|Any CPU.Build.0 = Release|Any CPU
		{F9A57A40-2C2D-4009-AFA4-AF45935DE717}.Debug|Any CPU.ActiveCfg = Debug|Any CPU
		{F9A57A40-2C2D-4009-AFA4-AF45935DE717}.Debug|Any CPU.Build.0 = Debug|Any CPU
		{F9A57A40-2C2D-4009-AFA4-AF45935DE717}.Release|Any CPU.ActiveCfg = Release|Any CPU
		{F9A57A40-2C2D-4009-AFA4-AF45935DE717}.Release|Any CPU.Build.0 = Release|Any CPU
	EndGlobalSection
	GlobalSection(SolutionProperties) = preSolution
		HideSolutionNode = FALSE
	EndGlobalSection
	GlobalSection(ExtensibilityGlobals) = postSolution
		SolutionGuid = {2C2C77EF-91F8-41BF-8D3F-E93B4313A9AF}
	EndGlobalSection
EndGlobal
